# data.lock — sha256 manifest of every Parquet partition
fama_french/factors.parquet  sha256:32d1a80a0b8fae37807b6fac696ad9e16c5cf3a3735f7da6a18cfb6062fc56a7
fred/BAMLH0A0HYM2.parquet  sha256:b8b7176327c62301a427600a17552879d8416df77129d6f4a79a3a26de988a06
fred/DCOILWTICO.parquet  sha256:725f558d1b9c4a7154e405e1766389fbe4978869e3273dbd0edfce32034995b0
fred/DEXUSEU.parquet  sha256:5cced43eb214c9b814fffc56286e7d4a4acda77d55c93f4267a266c9bf967163
fred/DGS10.parquet  sha256:314f1ab71124ea958992d2428bcc0ae23cfb748bcd7c33f8f7defd176d870670
fred/DGS2.parquet  sha256:42c1964659135f840aac8e292ddb63356b1bec789b8bc1d6609142034ae42537
fred/DTWEXBGS.parquet  sha256:96d27cca340e078f54cca7a430e02a3eec4d2929589f6e46d7113156ebf10df6
fred/T10Y2Y.parquet  sha256:ac4b05a062356e89e9f217ff4fb460c496eb876310ac21e21efd318e2b0db882
yfinance/MTUM/actions.parquet  sha256:1c49181d0a35d04ea704444b54dc210e526fec9ffca8f71ff9067f947a14aefc
yfinance/MTUM/raw/2013.parquet  sha256:971a16c749949e8f05818610d522efc1b2b5ac61a71e7fe66b0a52e7afabed6d
yfinance/MTUM/raw/2014.parquet  sha256:0a4f555976bffcd3d194f0ee723aa1d73e262d608263232d2ee9267f727b6b71
yfinance/MTUM/raw/2015.parquet  sha256:e21864bf2052be103ad07ec700b658fad888b15703ddcd952a1bd90295c2e811
yfinance/MTUM/raw/2016.parquet  sha256:ec1ac6b81ab1bac85e5277fad4ebb3cdb7861fa10d0bd271a0b8740ff979300d
yfinance/MTUM/raw/2017.parquet  sha256:3d31ac071db8b56a6063fcf7b5d956e5215dfe3a4b3795d12b40cdda24919fb2
yfinance/MTUM/raw/2018.parquet  sha256:c175bfc15437fb22ebe0e6410007a6eed0c520bf2bf4191f075552e5572abd13
yfinance/MTUM/raw/2019.parquet  sha256:0a3f2141466052ee91da4fcc1155274527ec1835c7c2bf875175f03382953c6a
yfinance/MTUM/raw/2020.parquet  sha256:c58fac6e4977b3c5d554e9beace28fcee9bf59fa3cb09da7736b55532a7076db
yfinance/MTUM/raw/2021.parquet  sha256:0417904642bfe6d2aeb5c317b40bd2b16ae822acaef4814e4638eb7682c68960
yfinance/MTUM/raw/2022.parquet  sha256:0ad660aeb2df06ef08c9299031f3151e68aeb000db268c2ab4ca30739413cc04
yfinance/MTUM/raw/2023.parquet  sha256:25bf3084af0a1206ae96269f61e21f0d88cba4625b257d8d30ee77c531006613
yfinance/MTUM/raw/2024.parquet  sha256:8485c048b071882558b62aa8a106c80c6e36b8018904a36cddca8478e92b9fbc
yfinance/MTUM/raw/2025.parquet  sha256:483338c225d6697c38be2ffc6d88fcd64a7b28b50a16bbb8e931ab53de24273c
yfinance/MTUM/raw/2026.parquet  sha256:6daad5606b25bd4b410c659806777f037ff10f892c595568e7fee3c10dcf282e
yfinance/QUAL/actions.parquet  sha256:9186adeb9cf075ad65e4213e0cf4bcb750625f09ba688ae710e118ac8f681190
yfinance/QUAL/raw/2013.parquet  sha256:142d3672673b3411372daef9baf6add280147cd08a67a2f3230a89e7b79cedb5
yfinance/QUAL/raw/2014.parquet  sha256:9cf522fa447f87de7c244859f08afe25c402b801e5ff3c4cbaccef3feac1c266
yfinance/QUAL/raw/2015.parquet  sha256:3f271d5e6eda95bb1a130d0610742c5c918ed12f7ba88168fc343a100db9a0e2
yfinance/QUAL/raw/2016.parquet  sha256:004e3056e9d5326c52f4010970b645db50e037aac3cd1f979f10d475c32e018e
yfinance/QUAL/raw/2017.parquet  sha256:8d1cd48bdcfbef1ee5ccc42c8ee8e9bbe2de5397cea01506a8a78bbafa689726
yfinance/QUAL/raw/2018.parquet  sha256:416f211820285be3512fdeac26c237db519cc4626073c4f0697591ac1a03e493
yfinance/QUAL/raw/2019.parquet  sha256:1f02cab8a143e83358ec5e4ce58c83623567f15b1d0ff79979f4e0b7af2617ec
yfinance/QUAL/raw/2020.parquet  sha256:ef925ed8ccc7123a1e38ebca20d0a9b5cc0d67a47cbdd9329c1513e9e4f04821
yfinance/QUAL/raw/2021.parquet  sha256:9f45f78e4077a6de786f8424bcc799a1c6201b49872344f8b07c593066a7a18a
yfinance/QUAL/raw/2022.parquet  sha256:3b8ae1a9463011f5b885ac6641e4968b1bd5be8077ec0fb74d016d3626eb2c7e
yfinance/QUAL/raw/2023.parquet  sha256:e923311417073dc9ecc432863653d66ae638c9c7252eab8df5b67390ba5a35bc
yfinance/QUAL/raw/2024.parquet  sha256:ec26fbc4a0e1dc3aeeb1b14f7503b3871ef2733770147dbc0dffc5b032d848bd
yfinance/QUAL/raw/2025.parquet  sha256:e73ccd6b2005363080855debaa28bcf4d1c27d7701bf501350d763f041cd6b5e
yfinance/QUAL/raw/2026.parquet  sha256:fa017fce8b3721aecaf7fb3e8686df28140eb8363cbd709460004268b69f14d5
yfinance/SIZE/actions.parquet  sha256:be105e39fc8a983cd865ef082c9a22057478125602f225eb41f1e5b19ad75d70
yfinance/SIZE/raw/2013.parquet  sha256:aee82d8c68bf92c5118628b669a6f736cf26fbf5ef4c30fb4ef324774c9b9bff
yfinance/SIZE/raw/2014.parquet  sha256:a07674a3b15aa9c0c9d41439ac871c9fe92639877ba2f90af0e1b91ca9fe3852
yfinance/SIZE/raw/2015.parquet  sha256:08a63208ad74c2a525b3c02964f391e8706f72c3d77574414364584f02719883
yfinance/SIZE/raw/2016.parquet  sha256:cc1ed9a2e06311a1c71543fd137ee25fa8f8e664a1e69466b0c5eb7fd0e0c0b4
yfinance/SIZE/raw/2017.parquet  sha256:cd406e62c4f791ab7cdf915badb7093f69e34fdad5eb957fc5b5cd67ea0e24c1
yfinance/SIZE/raw/2018.parquet  sha256:a83dcfb28d38ea4adb7a412b25f04cb9c07ecf139ea520297ed7e32005886525
yfinance/SIZE/raw/2019.parquet  sha256:09ddf38f3226a6d3e41cc154104103a9b1d709c3917dc5ff0f9210394ba9970c
yfinance/SIZE/raw/2020.parquet  sha256:60e82710fd8d5a236e3f876a9ef012b060491dbc5dcd572ff90cdbe0d15636fb
yfinance/SIZE/raw/2021.parquet  sha256:3746d547212a416c3785b48907f44d3e6ff0d8b50199aa56b3687680a22e0b89
yfinance/SIZE/raw/2022.parquet  sha256:329c14425011ea308500b08aa58775bf08c4336d3f0f84c0abd72dd1cef4837c
yfinance/SIZE/raw/2023.parquet  sha256:0b41562ec1ed7e68b7832c97cab50ce22d740d9d87c69ec6f8828900c29f22c7
yfinance/SIZE/raw/2024.parquet  sha256:89000102c6209e9d6fc17706c706dd60c6974b51c828c35edccdeedcf94a8fc6
yfinance/SIZE/raw/2025.parquet  sha256:8e35d91ab8976079cae9f74e0c8bf4e8b91b8bf298b693805b463a670bf03377
yfinance/SIZE/raw/2026.parquet  sha256:d92fc450260a4d35a71f5d3c74d1e72c6db37e508e65cd1e0aafc91afb4fc973
yfinance/SPY/actions.parquet  sha256:0abd7b88311088e79998ee194768f384a313f4569249f7adeb2a97a351e5ec9e
yfinance/SPY/raw/2003.parquet  sha256:894ffa3f23e8ae14df1d71f849748e6cf3f00fc5d96ce7d19f992d323f2928cf
yfinance/SPY/raw/2004.parquet  sha256:d2e49bcdb11e2cb168a431c9e87b907369651acd9c6f44e2cd7c6a3185919e13
yfinance/SPY/raw/2005.parquet  sha256:815e4da5178f9176bc7a29c20f1a39044a7786fb25b85de4d3535fce1a133705
yfinance/SPY/raw/2006.parquet  sha256:aa227c4d98045bdcccd972c63848ebf02fff0969a315a02d1f068a502e8538a1
yfinance/SPY/raw/2007.parquet  sha256:6f95b0ccb5c70dbc571f54919890f5e7c07fba4cd7590d0c34223c03f41e8641
yfinance/SPY/raw/2008.parquet  sha256:b6ac6995f2996227cb21faa9c55af7a18623b2256991298c1e025e8d725aa65e
yfinance/SPY/raw/2009.parquet  sha256:91628fbd8dce17b0fba1bc31edfd3e04df5bcb3c5543cbd678fa67ac328397e9
yfinance/SPY/raw/2010.parquet  sha256:2f44e4e41792c970f8ca130f4eeb7e6c008b054b94ae90176b195497f70a11b4
yfinance/SPY/raw/2011.parquet  sha256:596f92767975fcae80aae968079cac4d56219a3d0b435f8755fb5aabc4a765c9
yfinance/SPY/raw/2012.parquet  sha256:3735c4ce85f53faf7a3374c486b749db58ed9f1cf200f185c2e75949fb85d731
yfinance/SPY/raw/2013.parquet  sha256:b65dd905c6951277a51282df6335a81d4f54fde077961bf513264cedfb560487
yfinance/SPY/raw/2014.parquet  sha256:81ebf0e78b540837600f7ad96054526832a1b69d94908dbf71ae856cc77f0402
yfinance/SPY/raw/2015.parquet  sha256:790c1760318ed489d1f5a83fd6846f4b7d92d07a40f05f3ee035cc933f7128fc
yfinance/SPY/raw/2016.parquet  sha256:fe71a1b37f7faa53b6ef03d4b35f324d5808eacc3233c7c845c8e03d6e18625b
yfinance/SPY/raw/2017.parquet  sha256:677d8c9a1027329debb7883d73809db16546c91d0192cf43bfa96b0fd40d738e
yfinance/SPY/raw/2018.parquet  sha256:8c3eb474fdb472b5ff9520203c74c34b8b845bc5d25e271f2fc68b567c8150cf
yfinance/SPY/raw/2019.parquet  sha256:04b9b21e76b5be39da5e92865e7b5a9c2de3a8c7c4f99ec2ef610ba2c40fcac5
yfinance/SPY/raw/2020.parquet  sha256:2480797a40905afbfc33844f1a967397e3dd394a1e9906fb6702b07edec8c86a
yfinance/SPY/raw/2021.parquet  sha256:bbaa55dbd8f20e75694c2fead2668cfa03105758e6028972a23e53cfff3b02ec
yfinance/SPY/raw/2022.parquet  sha256:bb760d7b7953be430928baa238798d73648b01728f0cd2e7ff191234151b27d5
yfinance/SPY/raw/2023.parquet  sha256:96ce6cf7771f66c35f349bb5d1208c247d122a0afffbc0c7e586b9cc35c329eb
yfinance/SPY/raw/2024.parquet  sha256:ecd6808b1742a3a622acf3ddb7cff750a766d6136d6a74dddd9f9f0b18d6a9af
yfinance/SPY/raw/2025.parquet  sha256:f173aae7623f47d695d3061182f2a7c7a7f120b310dae63ee234a4cc576e3988
yfinance/SPY/raw/2026.parquet  sha256:8647f36d281b7765e8cbbcfb9f54892baef4a4d8c4b70cc22221af3cfdfa9f46
yfinance/TLT/actions.parquet  sha256:16ce40832f390ed5eb31e4cb5fab0245ac8847bb0803e75233039c865b949262
yfinance/TLT/raw/2003.parquet  sha256:f1378038a04f24d37f406512a6dab926c2de3d770f2e1afb04c363d5097de6bb
yfinance/TLT/raw/2004.parquet  sha256:35ceedb2ff9295973ad0014eb95b0488e6613db2f2b99ad5183ea17521e1bfa2
yfinance/TLT/raw/2005.parquet  sha256:b307e1f2d990eac3416243dbe103fa9c9d8dc8a09bb5f2a251a6895e79a2ebff
yfinance/TLT/raw/2006.parquet  sha256:5f52d9876738f965ba4d5ac0da40e919f5b194d76e56e3621615fb991f6c4add
yfinance/TLT/raw/2007.parquet  sha256:c3dab788d11de26cd40486da353ef468092b5adcbb4d3e9fa5b61d847d8fdad9
yfinance/TLT/raw/2008.parquet  sha256:5565b2319d21a7351c9a1a77c1d1b4d99c6d144a0e20a72de1e389839b5fa9d1
yfinance/TLT/raw/2009.parquet  sha256:2829699bb41500869b1adc1924f74c00021df54db7e7d05b69f8cf551d4ea8e8
yfinance/TLT/raw/2010.parquet  sha256:67556aba18d4f3873abd860d8dfa3c41f2e56374c311ed201215f537733f21a6
yfinance/TLT/raw/2011.parquet  sha256:1ec2bd6556075f5c39aac724431efe10a7505933bbac8e8b53c7ab69cc7f3608
yfinance/TLT/raw/2012.parquet  sha256:9177b97532653ce6454b6e8fc6239715f04f301e4dbf49a987c4e60f0bb3aea1
yfinance/TLT/raw/2013.parquet  sha256:4d21815e119f7f065eadac8f0f0ef97f0cc7cbcf7d4fc651140004b67eeb75b7
yfinance/TLT/raw/2014.parquet  sha256:5f7c1a5ac715b45de4fe9fd57ef03773181dc65c6d20bd9bece1c0384ddcb831
yfinance/TLT/raw/2015.parquet  sha256:83c916fc2ae391a1806e4ca8d48a75055a436a67a6ad1ccda73ab0c8a10f68bf
yfinance/TLT/raw/2016.parquet  sha256:ab387e25d82ec3b263ba4e14c980ec963ab061859663a93eb88c33ca3df1d5d1
yfinance/TLT/raw/2017.parquet  sha256:11637f89b56698e409044759b18799354dfb6eeda467293e9f6e5eba729b54b8
yfinance/TLT/raw/2018.parquet  sha256:8addd83d22b211d873209f096d83d7c28430e17f7882ac91873a447253ff2a78
yfinance/TLT/raw/2019.parquet  sha256:88cf54bea721b47971406ddd0061aae37bff8c5f41ad59d878b782e3f9d95e30
yfinance/TLT/raw/2020.parquet  sha256:7e89baa5c7efd5b89c879a5da671b9b57a2f4b46e92e6df899da641d0d1b9669
yfinance/TLT/raw/2021.parquet  sha256:148e5b4bb2cba0cea7a60adc1d29ac35b863b561a0dbd48f7396ba6dd263fdac
yfinance/TLT/raw/2022.parquet  sha256:ec2f515a784d4036a1dd05d1c78664469731d50e50b62154b36b2456bae555af
yfinance/TLT/raw/2023.parquet  sha256:832e89cf4bf8c5d4f77c3c0f556b092dd1e686f753af5e4d07b9cdce98937de7
yfinance/TLT/raw/2024.parquet  sha256:1d211f45ac44dc28cc98b5abcdae03346062959830f722bfbd0de21795318dcb
yfinance/TLT/raw/2025.parquet  sha256:2977bd77c66ce1e57f3f6311083d0154f919bebf73a1d8143ebec984f3831dda
yfinance/TLT/raw/2026.parquet  sha256:28658fc6809d24bdd71f18b793d25852565655801b08721a0b381317c5c0eb39
yfinance/USMV/actions.parquet  sha256:987014c86350bc51875dae2b6f9a12a6620a629a6036c9867d67157ce5fe7acd
yfinance/USMV/raw/2011.parquet  sha256:db04f2193e09128209f9773434c87ae5a730d442db39a565b35972a292b1dbda
yfinance/USMV/raw/2012.parquet  sha256:4306a660e72b943b2f785507afa2669acd57a0f9e8fe4676be03a73949e08646
yfinance/USMV/raw/2013.parquet  sha256:dfce90e931ff221c2b102ee495b08675ae303a4e637143457466a6650ddaa9e8
yfinance/USMV/raw/2014.parquet  sha256:ce82aa2efe30ea9a0491ed931ed53a95aa7063ac1e525278577967e759f051e5
yfinance/USMV/raw/2015.parquet  sha256:a5cd99e53616f3e415e2fd02c67d0f5a4331781a170330632e48d333885f7e40
yfinance/USMV/raw/2016.parquet  sha256:b3f59a6e15c150906bfe76dec6ffa24929761d11455ef89e32fe7c9cf2638627
yfinance/USMV/raw/2017.parquet  sha256:f4b6e9a723047d12dc451e4b6e0f3ba3204078029531c343b0281bcaa615fe1b
yfinance/USMV/raw/2018.parquet  sha256:9eec1598bd0a423d38f7137491c5669471578b269be95fdcacacd14f3fd58096
yfinance/USMV/raw/2019.parquet  sha256:ebc040d2a9fad59fb8a567192e8f74107481ab3af096e8414769f90257f8be6b
yfinance/USMV/raw/2020.parquet  sha256:54cdd10e043d82af4df177b35a29e7360b521a019415303fe145707553fc0b2c
yfinance/USMV/raw/2021.parquet  sha256:b7a93cb3c27adb8d52068b8c426ee344e5c84edaa6d7c098aeb675652cc5af9d
yfinance/USMV/raw/2022.parquet  sha256:04bd03fc031b47ea071c07c0e182d69a660320ac760d1d368ded02768814ec6c
yfinance/USMV/raw/2023.parquet  sha256:436e5b49a9feac2482100adc3880eccf016243b1b0c56c70997657dacb0f6284
yfinance/USMV/raw/2024.parquet  sha256:e577e9c3d639d3ab2337c57f118eb45d447ad2e1f58da3f86d389c1ae728033b
yfinance/USMV/raw/2025.parquet  sha256:39b2596286d56fb8e955953cf58f090c56e5eb9aab6603a68c85f90839466f42
yfinance/USMV/raw/2026.parquet  sha256:ab5b516a520b0be751e629c8604140b1a76ec7153e6fb63270f832c30d1ed013
yfinance/VLUE/actions.parquet  sha256:1f0e2f7e5d0a2400aafc3fee7b96894b7c174c6f210dea2718bbd5d8009d149b
yfinance/VLUE/raw/2013.parquet  sha256:e3574f170409bfdb553891c4f9e8b4286e423b96cebb04a0f2840c245b8aed96
yfinance/VLUE/raw/2014.parquet  sha256:6c7dcc74038a32a714ba296bab43ad2e510bfb055eab410db0896dca44af4f48
yfinance/VLUE/raw/2015.parquet  sha256:526a2cbc5a9d8f64f9d36021d4ea3a2dcc5685e72d5e81b6c431ec6ddcd1ed0a
yfinance/VLUE/raw/2016.parquet  sha256:18b43dbbe4e94a3797e37ee4e257547784f626c31f70680ede48cd1c46a12c64
yfinance/VLUE/raw/2017.parquet  sha256:518fc31dd64eed65a70ea0b59e1d6291c74c5b845586a9022fdd2b398edf17cd
yfinance/VLUE/raw/2018.parquet  sha256:fc71213278f62f8d41b450e10102ad316b2a09a2cc924157a27df799996d8313
yfinance/VLUE/raw/2019.parquet  sha256:f51542ca45695e00f069d54ec0823cce44f9cda2f96eda0cab80cdd7f807950b
yfinance/VLUE/raw/2020.parquet  sha256:656709b321f6b1b2d30b8857589f1bf859dca68264024a92c65ee232107e5e78
yfinance/VLUE/raw/2021.parquet  sha256:c6636c66d626df5b586916de2afa8133bd8c8e6251cb822f38be4c221cb13510
yfinance/VLUE/raw/2022.parquet  sha256:bbda735d8ff1a0538f080c22395757a19e1acd6c965ab6a44d21ba8b488bee3c
yfinance/VLUE/raw/2023.parquet  sha256:9a132b9c53318d0cfd2146580a77f6c3837979c9d57ccec7b4776dd45051e670
yfinance/VLUE/raw/2024.parquet  sha256:3fab77066127bd367ab929fcdee65eaeb29e625769f6714d40416115258c7452
yfinance/VLUE/raw/2025.parquet  sha256:18cde19d04e326222231f91f6d2584725fb2d0eaa90fd8379f666e21b96f7ccc
yfinance/VLUE/raw/2026.parquet  sha256:a24dd76e0b9997abdfa71b57905b28ee7aa6db55cfbc44711e2f532aedc4cdad
yfinance/VTV/actions.parquet  sha256:b7a79a6c403ee339e0ae2437b4e430e1c9dc00bf4bb6621399c2abf8208f2791
yfinance/VTV/raw/2004.parquet  sha256:5540e6c929fb1f1278e2b7189756734e9c57a0bd214f47bbc99188a44de24fda
yfinance/VTV/raw/2005.parquet  sha256:302c17f712ccd391ed9feb86d87ebed56b0cfdf0eb7306f59bb96c09342992ff
yfinance/VTV/raw/2006.parquet  sha256:00b96601387d4b3cda3b467718adcab12883db6f2d021d7a35c950ebd6c4f3fd
yfinance/VTV/raw/2007.parquet  sha256:89d06bbb9c7ff984e9d2fdc06158a01f2ac183bde79abc5f0cf634e480e92e9d
yfinance/VTV/raw/2008.parquet  sha256:2076e4bc9f5a89ee727655aa8fe4cedd550626005ef4774ff828ae94b52edcb8
yfinance/VTV/raw/2009.parquet  sha256:53e52ab35ed6c507e05d288b11e9a2d69cf131da00cf4293e5ca96db22d5ac06
yfinance/VTV/raw/2010.parquet  sha256:10052725334fb586bdc554b251ea45d02480e1fe3e40d0cee21f40717c562389
yfinance/VTV/raw/2011.parquet  sha256:8137dd79b24b2a6e0a9ff760d89a011c2f5f208bc1de85dc719c3a43d8998e12
yfinance/VTV/raw/2012.parquet  sha256:6930b93b822855bdf2472213b22e62829d0ffe0776daaf3cd93f78c8fba9ef98
yfinance/VTV/raw/2013.parquet  sha256:9b668ab425abf43e990bbab7da6762cd05bc54b09a5aaa2a373e21ac606b6627
yfinance/VTV/raw/2014.parquet  sha256:c86ff66563272d51ab572dd24050bc0a6789647c2daf4d5827aea927b3d58009
yfinance/VTV/raw/2015.parquet  sha256:ec1f597f680a2122454186b07bd005b4eb20eb369e4876021592a91706a88c61
yfinance/VTV/raw/2016.parquet  sha256:d42723cf9431d2023741a1e6497493252216c0526fa617ff0bb6c14287668d74
yfinance/VTV/raw/2017.parquet  sha256:fe9d603a62e9f703797e5ea5147feffb431ffb262a6edd01c77ebad9ac5a3a4d
yfinance/VTV/raw/2018.parquet  sha256:c00a4518da5b6a6da13aee2e7673f063bc1c168f79fb18b9a333da4f7d2e9e95
yfinance/VTV/raw/2019.parquet  sha256:cf6ffa2be657683df34c6bfeebffb40388a29503e34bdc2c047fc7ab2e2c50d0
yfinance/VTV/raw/2020.parquet  sha256:70570f58b42250f027254c98539ab3e2d84c5c0340c2d67dcc8116a389d2c1bf
yfinance/VTV/raw/2021.parquet  sha256:bc83a3447240e132a6f0d9a29200e29065c5dc868bbb05722d678a8d397fe5b8
yfinance/VTV/raw/2022.parquet  sha256:9740901fccbb75a7c7c77b790e16d0636930182737bd931030fc26f2dcd2e99e
yfinance/VTV/raw/2023.parquet  sha256:42d9cc4730910007dec93b102d996991306e1475e420de9b4cb9722ad2d262b6
yfinance/VTV/raw/2024.parquet  sha256:eb72c79dbce0726ad7b8677723f79e50276ca553daed6c6ef6c88df6100650a4
yfinance/VTV/raw/2025.parquet  sha256:e47a577e22c665257391f7e63dac6cbca355b4add53e3763ff7630f6ff658369
yfinance/VTV/raw/2026.parquet  sha256:a79ace0a162e32011de330333bde240f608b0d906476393ebae2c7d6fdfbd019
yfinance/XLB/actions.parquet  sha256:c9d8e8d06beb6e9fab1865d4cf4d30193cfc3f830ce83572ae398f487f24bdad
yfinance/XLB/raw/2003.parquet  sha256:7c9b1ea68519e460612d07b2939390f65706f8b8aba9f67010754c693e39ff24
yfinance/XLB/raw/2004.parquet  sha256:187ec57c6520e5570332b75aac9efd9022f3fd7989245a93c0532e5299fe150a
yfinance/XLB/raw/2005.parquet  sha256:024593d3640b7d6a321ebec7c70ecef30e4b097c20ee574ef296d62878499885
yfinance/XLB/raw/2006.parquet  sha256:22acfc853431bc605d2a395f9c0a437baec8ec26bf46be9685b9096e8a5f5639
yfinance/XLB/raw/2007.parquet  sha256:98da945c802d5613c43d7e69fcfa1b9a27d22e47aac4dddcd7ced872827cfa57
yfinance/XLB/raw/2008.parquet  sha256:678826f932f4688d7a02cf6b1064465bd5f0f7a3f9e6fad0f37222875dc36ddf
yfinance/XLB/raw/2009.parquet  sha256:4ef7e22dcdb066f427d762ade1c7c30922818f890f20e7c85892aaaf7efea3d1
yfinance/XLB/raw/2010.parquet  sha256:1c46915989ad1f8b749ca33f66be686d299317ef0c18dbc3aedf873ab33c0709
yfinance/XLB/raw/2011.parquet  sha256:6d61b32d47cbac7fd4143f8f18d255436b185b19c944d0c81fc8c3d0ed6523be
yfinance/XLB/raw/2012.parquet  sha256:53ed6e340704f7470665a619147981d07828817ae38a84350a58173c18260ff3
yfinance/XLB/raw/2013.parquet  sha256:80064a9ff299da440679b624b01208e2ae612e48fa29620ac7151725fdfc0dc1
yfinance/XLB/raw/2014.parquet  sha256:fde904dd0242349fc1f3d94a4d263beee2dca69f6c85e00ab338214983dea766
yfinance/XLB/raw/2015.parquet  sha256:cfebdcdda385fa9ac2b4868a70f7edbcf9567f6a9d3b52ba7926d1ec1a3ac253
yfinance/XLB/raw/2016.parquet  sha256:e476cde9468e671891d85c50cc20335e0fb5a900e4b24e00fdef52d7f88b6dea
yfinance/XLB/raw/2017.parquet  sha256:aba8182ae06221ea517136ff12d4f9d2eb268612cff01f1f61a975e3d6569ca6
yfinance/XLB/raw/2018.parquet  sha256:e0bde96ad7f1cbaa99399bb62630e1e516b47eafab036901ccd9f3ff8204129c
yfinance/XLB/raw/2019.parquet  sha256:abde0d16c99d33110a7d71a223629bba61e0eaeaf84949fcebfbc6c45e19eebd
yfinance/XLB/raw/2020.parquet  sha256:9b5baf0f63c5b1bc653207b8073c06e24fd45e1fc1c1ac58bb20f2b69829dda1
yfinance/XLB/raw/2021.parquet  sha256:3b02f9f10d4f1485e058fdc9c3edcfe77158c5c09e1d97f9f09e863054fce30a
yfinance/XLB/raw/2022.parquet  sha256:5506b2f9d5ff36412a3b61a892d33f1696bcfcb38f0fef1476f1b96837c45719
yfinance/XLB/raw/2023.parquet  sha256:44c8dd59d4bfe44bb47870f3af26f9b4d020d24d9112c51e6a4f7268a908286b
yfinance/XLB/raw/2024.parquet  sha256:22887a09a2716d941dd26acd14b7b2e724feda92176c9837f0e5d1a17bebf854
yfinance/XLB/raw/2025.parquet  sha256:7e5467908df2919b7990f105343c982440c595bc7341421a51ba06097eb53719
yfinance/XLB/raw/2026.parquet  sha256:bb9881b5e6bbddefefcdc7f74001b30c1eb957ba491396043de1f26557a8abf6
yfinance/XLC/actions.parquet  sha256:fe044366c0c4959ec8659370a2575ab68bbe65073dfa1c728bae45f644a3c1a5
yfinance/XLC/raw/2018.parquet  sha256:000c38b339b47b005d5bb97141c65bc96ee5da69734aa86f7e50f54e58f53101
yfinance/XLC/raw/2019.parquet  sha256:f2ce6757ce80d936fe3410589a5d3232b145ad872bb3a58d95314efcd72f251d
yfinance/XLC/raw/2020.parquet  sha256:e5ac469496d36a1abef33aee42676d733daab917058a342da614585f6513fdbb
yfinance/XLC/raw/2021.parquet  sha256:211543d7baac5b14b9f97293ab2137a0c5b4bcc806f506038cf1adddafb838a1
yfinance/XLC/raw/2022.parquet  sha256:54fed82a31a97859911bae1558fc2ce328c899c560c646fa7082be3a55272d1f
yfinance/XLC/raw/2023.parquet  sha256:f6c7e6fd62b0e7edaa8f547733c4e2b3f705de3f0cc140cabbb983ca99469677
yfinance/XLC/raw/2024.parquet  sha256:ae843da183fb57ea2dbed1e93ec8f994fddacf0897904f9ea152ab37a16124cd
yfinance/XLC/raw/2025.parquet  sha256:1186cc5e65767b089af844c9ad230070e1523598e5b1abfcd1448b8a8714b522
yfinance/XLC/raw/2026.parquet  sha256:d02e18f5ee01b08138f72de59df7b508999c3a1f58798799e49228e36657b95b
yfinance/XLE/actions.parquet  sha256:5143c360c0c4f917a54f8374fd20d3d3b05e64cf32eb77f5ebdfc867f566d2f4
yfinance/XLE/raw/2003.parquet  sha256:39342b911bdcbc32bcdaef402934ef9666c7420b5fb6fde97ba568272a259478
yfinance/XLE/raw/2004.parquet  sha256:1300478170f8939511d4305754ecfad97cd9605618b0817d353c30a77b26fc59
yfinance/XLE/raw/2005.parquet  sha256:44cc2fa401eda37325ec6181f75790de119d61a60c9743039294eedc897d56e1
yfinance/XLE/raw/2006.parquet  sha256:51f42b1998de93d8d3bc2be379b299a373f663899c5e0d4ea618234ea8b0a967
yfinance/XLE/raw/2007.parquet  sha256:7bc9ae6079f4d23873e56ef00a71ed7334dd6bbe05ecebf349bef30fe98126f6
yfinance/XLE/raw/2008.parquet  sha256:68464cb1e90fbe6a88de94fa6fcd3a038ad99668cc58342cc8059610a0291fb7
yfinance/XLE/raw/2009.parquet  sha256:27dc4fb3cafb7e9cb8e8b7dd861639bd1403327c903f7faffcc4c96e7f3a2d58
yfinance/XLE/raw/2010.parquet  sha256:287917b3b9deededf06c990dc583528aaef188f3ce1f6ad620c7f6463a9c0ab4
yfinance/XLE/raw/2011.parquet  sha256:e985c858aa0a6883111576ed5016056735e6206e252c481c91198e0f2fb115fe
yfinance/XLE/raw/2012.parquet  sha256:188473a318d0049c2590ee40e52532266a59e5e68a38e743de701b65b47f0b2e
yfinance/XLE/raw/2013.parquet  sha256:260e79a1369a23d8c9554b937552beea594c865b46fe28d3c3858ba868140503
yfinance/XLE/raw/2014.parquet  sha256:63a9d3662ac6726ff51a08653ae922adc379bdd8082a4f419e9540d2ad17a13c
yfinance/XLE/raw/2015.parquet  sha256:23eb95dbb0c87d4519b7cb52d6c1daff5b4f6cd1d9bfc0964c6d1f04b5c384e1
yfinance/XLE/raw/2016.parquet  sha256:487dac189528d760a69dfebad19e9f856e3c1a16d9ec951bd47e252485aff642
yfinance/XLE/raw/2017.parquet  sha256:f314bb2e0cbc979ec99c9bd8ccae2a9e0b5ff25aee2a0c9acdbc9c6363494883
yfinance/XLE/raw/2018.parquet  sha256:c49cefeabb211987663ebfbf6523f0c775fea4fda85b293125a111eb2177dac4
yfinance/XLE/raw/2019.parquet  sha256:d206cadba30aea983291b6433a8684ed5661ef9d736a44e492d4b4ff7af775ea
yfinance/XLE/raw/2020.parquet  sha256:d1578a50e205329338015763c0ac96aff494cd24f74f2cb5979a4f422c205526
yfinance/XLE/raw/2021.parquet  sha256:d8dec5987b5f88bc71d7bab997246dfd6fd4ebcff6dcc03ddc5708455a5f1c73
yfinance/XLE/raw/2022.parquet  sha256:5bb446b97fffc6295266a4383ca0803f58f2e49c25753105cc49546367495455
yfinance/XLE/raw/2023.parquet  sha256:2cc45a8b6d7b79ea9bebea104c9b12740a69c3edaa81d62da1fbe3fbf9ae3d7d
yfinance/XLE/raw/2024.parquet  sha256:372a496d53bdc030d2044973290888bbe7f26f5496a5d28319d73d76dd451064
yfinance/XLE/raw/2025.parquet  sha256:0d27ed0b43e921b648f9ec93acd064c63695099c8eaff8a647e2cee200cb4a21
yfinance/XLE/raw/2026.parquet  sha256:cacd491ce795f6e440cf0333918f93d7eadcc7d3d96bd0575b33b6a781893351
yfinance/XLF/actions.parquet  sha256:dae64df7587f607cff137613a91f6036021fa952f4f1304b7572eed691fdde3c
yfinance/XLF/raw/2003.parquet  sha256:509471d7330c97986c9fbdc987641edf8a5b85cbb0d27446f23f342c4f97e79c
yfinance/XLF/raw/2004.parquet  sha256:ccd2e7e2f96d458e37480d624753253cf6d20732d56d96ce7c2e6b1f84d8aa19
yfinance/XLF/raw/2005.parquet  sha256:31aa590c01fe569b5a9d3062a6f376988a93e2a6ab0c32b380484d9be8210881
yfinance/XLF/raw/2006.parquet  sha256:63ecfca4748b4299de42a22438cc56ff2565632783af097e9fb7cbac7ea2fe58
yfinance/XLF/raw/2007.parquet  sha256:5dd110c49105e1eecf7c41d3189c710a11521bfd03df22d7511b74e6d099ee4e
yfinance/XLF/raw/2008.parquet  sha256:c768955f45f5c4d9b1907a2e23959ad8119583841edd359592ec6683bcba948f
yfinance/XLF/raw/2009.parquet  sha256:3fbef02ea24745901a4c1ccfed3376a660e9207b5a4d6babe3f3e9babca3bd58
yfinance/XLF/raw/2010.parquet  sha256:9f8276eab1b37afa34fef5d2157eb78b7520c8bc593e711f8569944f10d70992
yfinance/XLF/raw/2011.parquet  sha256:ec7d345c2caf223b548b0dd4cbaeac84b815ffb33c3ceb4ef64c9d5d145c9081
yfinance/XLF/raw/2012.parquet  sha256:1633784465ea2249c3158663af23045e5d6277cea592c3447acd1a0dde34ca5d
yfinance/XLF/raw/2013.parquet  sha256:eb98bed12678eb0a904a37902f7ee5b3f52615091cec5e3fb3d85e70701290a4
yfinance/XLF/raw/2014.parquet  sha256:47ac7eec6da510e5052a341cb6e280d46274f5e87b546dbf8e7ba768aa999b96
yfinance/XLF/raw/2015.parquet  sha256:ccabfc79017bcb456a71572771e96a0d4fd1ece37be1b358323eeaaf8ce76bba
yfinance/XLF/raw/2016.parquet  sha256:bd2177d0dea2549a826af4f532306856d51f9201c1573e64d62e6446f84ef1c0
yfinance/XLF/raw/2017.parquet  sha256:613e519050aba72d30415cc8d5126dcd64bd633d6a95d0fea9478d6e0def730e
yfinance/XLF/raw/2018.parquet  sha256:6314e9c04caa6d7cdc0396715835b1a491efd0a735908337e009a0d61d63a9c4
yfinance/XLF/raw/2019.parquet  sha256:4dbd3e7ee56a53f23a6e6b4f5076216635c501f0bb4a56ae9142c7722b816d68
yfinance/XLF/raw/2020.parquet  sha256:a635b065defebee3a0be3174f97a7e10ad459b472bdb6a5a659d718bb4d86916
yfinance/XLF/raw/2021.parquet  sha256:9305ea49bb75d678a2da6e729beb3ebbe437a73de39a3da55b6d6066a1a8b021
yfinance/XLF/raw/2022.parquet  sha256:b9eb81bb68a883ec0adc50248580b1868ae796a22a38c19e25037247c0e02e5f
yfinance/XLF/raw/2023.parquet  sha256:41874b59c4409693ae57cbf283f21750ee75e24a1bc809bbb63c863e176315b3
yfinance/XLF/raw/2024.parquet  sha256:a2626cf318a05f7aa070a0a0666744041a088fd08a414fd07c29520a90fbe97d
yfinance/XLF/raw/2025.parquet  sha256:9cc97ebbb35fa0d9151068a8c4f46dcdd79b5ac65d2be1d5607b61f3948b8cf4
yfinance/XLF/raw/2026.parquet  sha256:7945703a16427e0797ce33e2ffd604ebd7403cedc7b7d60a97479399025f94f5
yfinance/XLI/actions.parquet  sha256:5b2229cafe8468a910154375951befeea0cdc16acce9f59ee147d45d41a823f9
yfinance/XLI/raw/2003.parquet  sha256:6e8118f4a45aa51e6f4ec25efbe37ddb84df42e5c2ec449546eb7c86a0684532
yfinance/XLI/raw/2004.parquet  sha256:1f24d42897afe65dbae0a569a9af01c58b92102ffa13a709c85eaaa5979cf2d4
yfinance/XLI/raw/2005.parquet  sha256:8fbc8c6822fe11d1c67a262e6160328a98629f38a7f999ab42a4b3b3140777e1
yfinance/XLI/raw/2006.parquet  sha256:58a1bd86f6d405959eecd639a5b141a57e18f268f8abb903d90adee1d846dc1d
yfinance/XLI/raw/2007.parquet  sha256:cff49f39c80b7f79bbd88140b8893e4a5f84de8883512145128d69f77d8d58b9
yfinance/XLI/raw/2008.parquet  sha256:216b58c4d1c3089e062f0baa6f249571053ef000ceee5ee602d6d1edee0b082d
yfinance/XLI/raw/2009.parquet  sha256:789498b27afb491fb33bb8e4a5450b1f83f04992833220b5e58b07013444333a
yfinance/XLI/raw/2010.parquet  sha256:feae75590c77b483f22ab335249c7bb9bf098b7a50f8a95f633f622c20d5496c
yfinance/XLI/raw/2011.parquet  sha256:b910464ca92c3b44408a76241d59e355c1ff9d0c74167c85e511c96c3c37bd65
yfinance/XLI/raw/2012.parquet  sha256:632fbeb7fa373d2ca95bfb32e3bc466c0972f67b61cb8779fd3961c38a133dec
yfinance/XLI/raw/2013.parquet  sha256:bcec43c72c9c22482598bcb5eed6c7fc9dc23708786906715184095b3c259937
yfinance/XLI/raw/2014.parquet  sha256:6318620b69684c939cb7a247340c11ab47f7cb78665bc34c8833fccdbef0a4f2
yfinance/XLI/raw/2015.parquet  sha256:675a67812c4e477b15b2bf42b6a456e3004aefef4e3f7f13c23a333cb53f4df1
yfinance/XLI/raw/2016.parquet  sha256:1c9b5fa89419337d56ace5c0e2fa1f76c843cad25596eddf727146d9349ab617
yfinance/XLI/raw/2017.parquet  sha256:8da4ef9ce8882b1c3d9e8ae561df61effbac45a509893efea55f3fc9774c10e9
yfinance/XLI/raw/2018.parquet  sha256:f84cf51efcf8809b55251ffd2cdc6c5699f3a1886657508d838ceb5dc2224df9
yfinance/XLI/raw/2019.parquet  sha256:0c141778a17f2326b01275f9bf4e66e4b563736503d9ce32f202818358979fd1
yfinance/XLI/raw/2020.parquet  sha256:174d0f87b9dd84a0211b41586b0e03af7289aecae38d393a0a8edcb9e34ec635
yfinance/XLI/raw/2021.parquet  sha256:5997aad662b2dd254b939ac745a782759a513c16821905bb5d63975e875e6c3c
yfinance/XLI/raw/2022.parquet  sha256:d6177b62ee717d3deca418e5402e5bf4838c107d92e0d882c4b993d2e707af61
yfinance/XLI/raw/2023.parquet  sha256:0428a3e80a791b48b623a49b7044f94554e3e559a654ba88c48a69d9d833893d
yfinance/XLI/raw/2024.parquet  sha256:c73030b8584a9ccd0482fcecad796262d41e31c44b40d2a6d5df77974a2b0cfc
yfinance/XLI/raw/2025.parquet  sha256:11c0f0e9db5a639691b7c5d1ea0d71068747a9f67cb578a4c26087512464e8c2
yfinance/XLI/raw/2026.parquet  sha256:1c63700a271756854b7e74d52c9e5bddddcafb54d903295a9ff482dbb639e595
yfinance/XLK/actions.parquet  sha256:ea3f3da989ccad42ac04cd2c6c023d7a4fabb1910c3a8d115c02e85c56e3b900
yfinance/XLK/raw/2003.parquet  sha256:c01a416d8f40a0e162ed992cdf3d711bae17fbaca296c3b71e566790aa694f4d
yfinance/XLK/raw/2004.parquet  sha256:113fe9e1a4635d7928a3e5ca2d6cbf6467641a1225c70d18b500d88238685d37
yfinance/XLK/raw/2005.parquet  sha256:7371d719c0180a645757d0c85c916a7d5f0445bdb65d4cc7e3b4caa2d7c5a760
yfinance/XLK/raw/2006.parquet  sha256:50fb8a8364861c7786eb378bed65b16c5c386372ad80604ff6e1c738e8b36d3c
yfinance/XLK/raw/2007.parquet  sha256:18791eea40d14f47b9c3d690f0a9f9579a1409c9bdbb4d4708c5dfd94f7e65f3
yfinance/XLK/raw/2008.parquet  sha256:1ca1426289d67d73da9bb68b590863c483c7b408bb88cc42740507b8c6a39127
yfinance/XLK/raw/2009.parquet  sha256:61b2e874de34b1af731a261365b929d5cc8dd47e4eefe82459118b31f3dcd367
yfinance/XLK/raw/2010.parquet  sha256:cc75425e260292032d991ed571a07951820611d07f2ea905f412c837a064512d
yfinance/XLK/raw/2011.parquet  sha256:0a630556b95f2628417db459f1c4e1807a368fdcff944458b15eeedd997f39bb
yfinance/XLK/raw/2012.parquet  sha256:a22317f3b5d10410140715067f19eb45c2faf1b5fa38e365cda965a1f2a011a8
yfinance/XLK/raw/2013.parquet  sha256:3078069042448cb5265c314e0681869eb0cfbc8f6a5337b7ba753e700bec0551
yfinance/XLK/raw/2014.parquet  sha256:5d92e0bd2a04a1a43b3095278a565f1c658528c0bf8ef97f5908166dafc1be0c
yfinance/XLK/raw/2015.parquet  sha256:770dd8870a44d9988f97adbe782a485510f66b3b0be22012fe62e73fab8700a5
yfinance/XLK/raw/2016.parquet  sha256:f71bfeab20324acdadb357f6f43880dc71b563b72b9ef2dc7943d5b0ca9354c9
yfinance/XLK/raw/2017.parquet  sha256:f8f22e1a8966f29fe10b03d4b6af820684682cb3d0f0fa4a0adba71e6998687c
yfinance/XLK/raw/2018.parquet  sha256:0404fab5fd1c9bb725fdb91ca2aeebdd53f6343cedfa816504b503fe8b0a00d5
yfinance/XLK/raw/2019.parquet  sha256:c610d9d29376a10109db3f802ac92ae3e997b65ba2463a31f67762183e60eaac
yfinance/XLK/raw/2020.parquet  sha256:5c89d8c0cabf2bdd40a4b364bc25524ab6ba56693917faafba0078a16d7e5c9a
yfinance/XLK/raw/2021.parquet  sha256:4d99c62a9cb435fe028847bacc369554240714226f4100b10233d84ca1b2ba5f
yfinance/XLK/raw/2022.parquet  sha256:f93e45fdb6082d2db6c3816ae9ac9b3ff558148238f0ac02b88b21ac2ad7f6e5
yfinance/XLK/raw/2023.parquet  sha256:f15d5673f1d5a0abba28bd18508c3489a6ffe0fd549aa86ca7061dac4a352658
yfinance/XLK/raw/2024.parquet  sha256:76b265c74bf78aa2f06d1e51aea5e3ccedb54cfea57329c2781664a5566e28a7
yfinance/XLK/raw/2025.parquet  sha256:a832684a6b1c92e222536b895ce5fef9ebc48a4a1327708238d4d93d7b95d938
yfinance/XLK/raw/2026.parquet  sha256:5752e91803abfea7ac7071d37df5a9db25515b0635c23a1192b03a35d5d8e717
yfinance/XLP/actions.parquet  sha256:2c72d71d40ce7b4154d766a9b0ef8e33664c19ed1cb93ceaba89d0a901e781e1
yfinance/XLP/raw/2003.parquet  sha256:34549441835d6ea5abe36d08b6980f3c3147c9a363910ae1265dc3d0da6ee5cc
yfinance/XLP/raw/2004.parquet  sha256:bbe79904b4ac345ff5e850f1dd8b502117facb2a4efc24d51d8e595192516102
yfinance/XLP/raw/2005.parquet  sha256:c14ca7a499457ea0573d8be7167d059404f1d0accae59cbd35f041c7b33b93cd
yfinance/XLP/raw/2006.parquet  sha256:b70c86070f13bd00e9517e847272c7439ce613f992fefae65aee5d72a7657741
yfinance/XLP/raw/2007.parquet  sha256:a2cbf6a7d49acd25ce16e8c593684e3066c89f071772ac6ba15dd2b0beb861e2
yfinance/XLP/raw/2008.parquet  sha256:a167cfcd1bdabf1ba0792d516e9aa33b41783a5852e5acb233256a138971ee8f
yfinance/XLP/raw/2009.parquet  sha256:eaf978737dfc7ed59c66eca50f0c7007a6b42803a84d7bc8c398436a2751778c
yfinance/XLP/raw/2010.parquet  sha256:bb3423d1eea0caed3215f092ad47fcbb75420a543d0bd08a04d952a3ae87c641
yfinance/XLP/raw/2011.parquet  sha256:f75214cec2ea09b6ae0aff7ee526b3a74fd98c66f986629f2e745410ace50a1c
yfinance/XLP/raw/2012.parquet  sha256:92b4c71e3edc26f9103363ddb59a41237da6a46adce4e54622f5b8c31fad477b
yfinance/XLP/raw/2013.parquet  sha256:d7b3af8482d890f430183961afdaf579e45693145e79afb2dd487dea15164542
yfinance/XLP/raw/2014.parquet  sha256:ba7f2a259e1dc0cd7c8f941809bdf9714b56a7e3c4633c286ff56f7418bd9322
yfinance/XLP/raw/2015.parquet  sha256:9fc2b61dc59b9914dd14f7cb46d45bae8aa74fdf67e652f00ed62580d0e7dcbb
yfinance/XLP/raw/2016.parquet  sha256:bbf464c7d9473d483f3ea8520a86f84a731cdb6ad30815a4725eb94d3de68c50
yfinance/XLP/raw/2017.parquet  sha256:d08980df5451ee59670fd3f0fac236dfbb8dd2329d1fad94caa38a01ac3323d9
yfinance/XLP/raw/2018.parquet  sha256:8ac58f1e73c663f4328d31e69f597679bebe5cf8ea6fa8f562e8a49e81d37719
yfinance/XLP/raw/2019.parquet  sha256:804229a52ce3682d2bd002af2b348369d3f34133cadeabe7e5557679057fec7a
yfinance/XLP/raw/2020.parquet  sha256:6e6981cc2f88385013d2063839629b8ceea642a3fea52e41e6b57b20a940ba49
yfinance/XLP/raw/2021.parquet  sha256:66935b1f87720a9a8b87da8905abb25ab13e006d5d62671b70b77b758e64ec6f
yfinance/XLP/raw/2022.parquet  sha256:f4cac673da9eb46a07e44c585bde15a3b8013b1bcf61f828f32048e9b3a71cc0
yfinance/XLP/raw/2023.parquet  sha256:01263e07766305f9d72e8477c3d53160aba3fc1e2569157ae7bf8242e83754e4
yfinance/XLP/raw/2024.parquet  sha256:f282e0e179c22e6a8fe6a597d840d6097f622807f8b40c5396b280637852cab0
yfinance/XLP/raw/2025.parquet  sha256:1655f7ccccaa918d2460f14a4a35fc669be1e892fcb9b155befc171ecaccdc79
yfinance/XLP/raw/2026.parquet  sha256:7600185d34c41056a546d66036f469c7c8bbee73c20636248e9abe3d72148ba3
yfinance/XLRE/actions.parquet  sha256:965c467f0519bb1e9176162d712423fb4bc23b2d3c595461c719ead74002ec8f
yfinance/XLRE/raw/2015.parquet  sha256:62f57629af848eedb3164635d41646299176084f200d0f9a12b29b5109398484
yfinance/XLRE/raw/2016.parquet  sha256:9d99d6f7bb178443f83685d9f213e859afa0654a770798f96256c6ae4b2fc8d8
yfinance/XLRE/raw/2017.parquet  sha256:121f70bed7bbf28d1ade88b7cdda0a0bd76207ae69decd6e0de0e0972f45357e
yfinance/XLRE/raw/2018.parquet  sha256:8509ec3be9cc75ec24f29064768ee15a10ff1d6fe7eca2361271a4685fd8fab1
yfinance/XLRE/raw/2019.parquet  sha256:5ac64da68112e34541c55396e61929215c7e7b5ed56fc6a482f6988ddaf1eeaf
yfinance/XLRE/raw/2020.parquet  sha256:38b4279b45be333115a1c378625ccb144014834f85cce93c42d4a0fa732e3487
yfinance/XLRE/raw/2021.parquet  sha256:8336a0ae583a1011c13ba2b38e3b4e31b6a38fbec8c627cfa744e0783cd1fbc9
yfinance/XLRE/raw/2022.parquet  sha256:56440d20828abde7ff23e6f0d15eebdcaeb5ff13b44756d173c3650883a2ee18
yfinance/XLRE/raw/2023.parquet  sha256:575da25688701be79e916f7e25535e191d9689c12ae97d41eb79e67279d4125c
yfinance/XLRE/raw/2024.parquet  sha256:c027b5febe8acf4d3acc5cdf64dfd3ec4fa6597d32d12ca24b22c3737972bf4b
yfinance/XLRE/raw/2025.parquet  sha256:68b74dd6db45f3015b31b674dfaf67a28e5a38f87f96922f3eac831adbd76067
yfinance/XLRE/raw/2026.parquet  sha256:5d3e4715b5509cd8cc70ff0c8effb98f7b7ac994f9337b4a4523938fbf3d785e
yfinance/XLU/actions.parquet  sha256:5519fa503a16763878626443c4e0bc6f19c12f0232c1cc411080cd866e4bd00b
yfinance/XLU/raw/2003.parquet  sha256:4dd9061ea2c40d2e20aba58ae4c44dd17451392ad82f80c7b0c41f179a942ce4
yfinance/XLU/raw/2004.parquet  sha256:45da894fb7c30518ee3bd02c9bfff78d99f6fb00240f15781a98e96c67377a26
yfinance/XLU/raw/2005.parquet  sha256:ceb4c49b397c6d565b87f7343ab1f36bdeeacb92a079eff986ecae153b09c271
yfinance/XLU/raw/2006.parquet  sha256:ae3cbd68ebb7d98dd928e373499a49c3094f6ac370c11033bfcf37ab9b3b91ff
yfinance/XLU/raw/2007.parquet  sha256:66b11b992612d9386b33eda8f0f228ad65ecd9acee98e28bdb74f3dad560d029
yfinance/XLU/raw/2008.parquet  sha256:4fbd8696401f486122f6ecd52a9ff33bac9149c796aa506c1f802be99cbbeeb1
yfinance/XLU/raw/2009.parquet  sha256:b3c007b25b7c709e0a2e6e25d3e0080e465aed7ed96eedcfba7541f1969b13c8
yfinance/XLU/raw/2010.parquet  sha256:ce4fc774de1a1ddd505f70d6a4f4d10aab78e20ac23208cf7f522ef5c66249ed
yfinance/XLU/raw/2011.parquet  sha256:b8f59397e984af86ffe5eb89077601bace294a2cd9ac49820ded3c8a53ef7270
yfinance/XLU/raw/2012.parquet  sha256:3e0ce465ab44c4c9679e6af47ac88fe7756445d34457b516a62d5869494a7372
yfinance/XLU/raw/2013.parquet  sha256:16ba120fc0577be1a2bca0942d61bb7dfc84d46e405e970570eb43b3b204498f
yfinance/XLU/raw/2014.parquet  sha256:405dfdb1cdbe4f29c4655063360896749e66559d6de6c6b49553f287a8716d55
yfinance/XLU/raw/2015.parquet  sha256:0bf3e40829412614f4d843880ad708855205576ac78384974952859dc7c0c3f3
yfinance/XLU/raw/2016.parquet  sha256:288bc64e0b5f5d84202f658f3b2f385a002ec90406dbc99a0475fda0a1f8b271
yfinance/XLU/raw/2017.parquet  sha256:316d63606ac49551ee6c0e4551b2c92b530693877351ebcdfa0ecf6d1f551fc8
yfinance/XLU/raw/2018.parquet  sha256:9c79fe69d4724bb83f433ad30d41ae360b9f08321467df3eed3688a7f00db9e5
yfinance/XLU/raw/2019.parquet  sha256:79df9d2a6f65b09d7a8cf5a29d5e290104eca978d7b95282e3e368165158c20b
yfinance/XLU/raw/2020.parquet  sha256:4cc1a256dce69d841c0abcef6e5205471e26856f559942654b6b4c9264cd339f
yfinance/XLU/raw/2021.parquet  sha256:ac3ea91fb11a0a84bd2f1eb25bf114df17414a259fdb25ac0257f4769f0e32a1
yfinance/XLU/raw/2022.parquet  sha256:285fe70194f50ea304806dc21ce17ced4ac03a6e85951c2074323e2739f6ba13
yfinance/XLU/raw/2023.parquet  sha256:17f772648aead8c2b6c0fb790c415d9a250054fe21c7d11e0d4aebe45defd7ac
yfinance/XLU/raw/2024.parquet  sha256:62aa6de6af50a9573d2e5554da2756f59602ed6667860f953095f00c5c5d040e
yfinance/XLU/raw/2025.parquet  sha256:3d9df533ae7782406f9a40d0376633c93332360c909994dfc4a655bae57840ed
yfinance/XLU/raw/2026.parquet  sha256:701709a2dd0cbb6087dc5da3660b59735a695bb082860e18ee3ffb8bb93a8558
yfinance/XLV/actions.parquet  sha256:9adf1fe83e5da74235c8175b78bf8a875754ceba99b9365e4d5e5f4bce1c7b6f
yfinance/XLV/raw/2003.parquet  sha256:b42816305cab009eb4db4bca9ac41fb992ae18611b80aa1eebca80feafbb5be3
yfinance/XLV/raw/2004.parquet  sha256:7dc102379dfb0194878b709ce6e8f980b905d4e499dd1abba58f89f753ce0c04
yfinance/XLV/raw/2005.parquet  sha256:b41ce0f95158ce61a3fc4017d77c468900c34df18af37eb234154ebd6fbc3535
yfinance/XLV/raw/2006.parquet  sha256:cf46d870f2589e7e2752d51edaa4d42d9cec488042d6b41970337a2518962a6e
yfinance/XLV/raw/2007.parquet  sha256:66a15588951bd93e4370fa08e5bc53c329d84845ae6a0d0e0cffc01058beb652
yfinance/XLV/raw/2008.parquet  sha256:2193ff5653918d56c65ec09155c0f1f74f7eff728a3b310e51fe81b813f6d21c
yfinance/XLV/raw/2009.parquet  sha256:cf3af2177a94877dbe0d22575940911313047299d8339fc732da3acdc8a1e26c
yfinance/XLV/raw/2010.parquet  sha256:4eb5f6487c412d83b0377e0613f859dcbed403d130d6e49e463f99b6248b63ae
yfinance/XLV/raw/2011.parquet  sha256:cc9d6d7818598b49b362d605680231cbc314ad426af8ba72f7bca706de88bf4f
yfinance/XLV/raw/2012.parquet  sha256:5f94420adf76254fa8e4ac8d5d9b2979b75ceaa809e76ec1b300a91198dcb9fa
yfinance/XLV/raw/2013.parquet  sha256:698094ee91e2e2e02efcedd1561c82e21d2146fd590b47796b1b31a61d3fb082
yfinance/XLV/raw/2014.parquet  sha256:70f6efba05a1489f4f97f3acae8133405644d458f6e542ef8d97f3fb9bbf9dec
yfinance/XLV/raw/2015.parquet  sha256:15779031b31bc1251093ae8a85963c3fc5de7fc3da35708ba39eb873a2df5bf4
yfinance/XLV/raw/2016.parquet  sha256:5c02dc4d4b422d85c1ccf232198084bf29b8a7679697a669908877e3b0260062
yfinance/XLV/raw/2017.parquet  sha256:1c3b31ca83ffbd015080e46244426fcc4a011e992770c9124ef106c7c7a58393
yfinance/XLV/raw/2018.parquet  sha256:d81337748275e75a4e547db0914b0e91720d4724edc3f929bcb4d3e4aca8e645
yfinance/XLV/raw/2019.parquet  sha256:885148cab09b7b2c3eee2471f4d0c590e35e25067ebfa5018bf0be0cc0057a76
yfinance/XLV/raw/2020.parquet  sha256:958a16cd999e87e90a26f9738c45d6c0c386581ac54dc460cfdfc74c384f598f
yfinance/XLV/raw/2021.parquet  sha256:2a4093236ff7f19ada2a646b036992c85245b8ea4fe2dfb04bf116e915207ee6
yfinance/XLV/raw/2022.parquet  sha256:027eacb2a8060f001acf7157542bc6e074761f81329010f9f85cbebbb02076a5
yfinance/XLV/raw/2023.parquet  sha256:1a0e0f58457b709c7aff3e650bf37f64801239eb5f2f3cb30b35b0b978b79420
yfinance/XLV/raw/2024.parquet  sha256:a7d0044e83309bbc7bda1401b8eb13f3024341c7f27f0a1ad8178796692077e2
yfinance/XLV/raw/2025.parquet  sha256:df641cc662b875b3d82bb6460c58f3c69268721c7ce7764d33a291416ada53f7
yfinance/XLV/raw/2026.parquet  sha256:d3335849749400605a79556fb98fc12a19ba934f8081efe9f96e029c4385fdd6
yfinance/XLY/actions.parquet  sha256:e29bb6cf1e755ddf7d4303a627b11d1c790d5e23994fb22d5a94a62155a33dbe
yfinance/XLY/raw/2003.parquet  sha256:80e7d543d393cea360f354beb21b33ae69ceede9c97f8f7b5561b868e342e04e
yfinance/XLY/raw/2004.parquet  sha256:ac749eff933dd23ee01905e978e2aaf547429b8a9df5b5da8be6d0406ab2fd1f
yfinance/XLY/raw/2005.parquet  sha256:241328c15e80958069423e0b340308b93694c9a594f1c1abe209a8e582c792a6
yfinance/XLY/raw/2006.parquet  sha256:c07240e7659ee35e7c63303adea26209914d730f994ad22fc8ca5a71a11d6c05
yfinance/XLY/raw/2007.parquet  sha256:b6e4cc6e0421dcf9516154e073c0fb7c3aad055434411bff722f7cda8301254a
yfinance/XLY/raw/2008.parquet  sha256:aa8e9f975fe4c24db899504cd43d20236adb7722dbd3a1001109ad6322ada53f
yfinance/XLY/raw/2009.parquet  sha256:da5603513f03293a3b28d7166604ae9e38f8ca225bc24b62657c0dabecbd49bd
yfinance/XLY/raw/2010.parquet  sha256:19411b3fe1bf94c28fb9dfee225d7e94f78ec964c5fc5100a39c66ada6a8bfad
yfinance/XLY/raw/2011.parquet  sha256:173256fbfd54d97bcb6d2a0e15e1eec8e81efc81fa9ab863bb6ee899b4165e47
yfinance/XLY/raw/2012.parquet  sha256:cb3a2844137dda87784ebfecfeb60ef4fb4e0a8223f06d72b7d804a59c5cdb44
yfinance/XLY/raw/2013.parquet  sha256:90797756d4f4c085b42096463d70797a790d793a5c9d47ca0128ca3c4916b1b0
yfinance/XLY/raw/2014.parquet  sha256:d022cf7d5893d417fb92b54620b542f2f52cfd04805f539687edb65e2a038b48
yfinance/XLY/raw/2015.parquet  sha256:c036c4282327b0683313d430f68e2bf9afddf9c405b5a48e41bbf00e19d77ecc
yfinance/XLY/raw/2016.parquet  sha256:87dc52c1c10f760a50529ecaadafd2743bc8a207a83c2fc9b917c879666bab0a
yfinance/XLY/raw/2017.parquet  sha256:cef2fd71a0bfa46ce6a44148a0708a2c4cacfb053ddca01f64ae8940724b3b1e
yfinance/XLY/raw/2018.parquet  sha256:01f6f66043b1938c6f0f27d17aa464a2fbfb771a4eeaff2239e90a38ccc7a7de
yfinance/XLY/raw/2019.parquet  sha256:a7d8a0aeceb96cd9d667ac34b040aaf34d192b3860e245768e64bd96636b73a0
yfinance/XLY/raw/2020.parquet  sha256:d68e976e72bb966226ac19c2ddc1211896c5edb93654c1ff7e2b58a209f29a86
yfinance/XLY/raw/2021.parquet  sha256:edadbf6b3a21e67c8e8ae83ecab079e412dd43b4af2518bce7e2c8678631bcc8
yfinance/XLY/raw/2022.parquet  sha256:bbb8392aff91328c521997621bf60c57f51a4b2bb5f7214d527f8e4df0d68e68
yfinance/XLY/raw/2023.parquet  sha256:80f6927af7f8f9975025cf5c8efcc1536ddc767432205ca688e7c8f81ad48173
yfinance/XLY/raw/2024.parquet  sha256:eb1efafb0f9776ca9b70da1474775cdaa3bf3e4662bdae48f8024d89bbe371f0
yfinance/XLY/raw/2025.parquet  sha256:7c17e8162e6656fabed94d3a0baec654da77d6da66852f6715de7bc1fc9ee33b
yfinance/XLY/raw/2026.parquet  sha256:6cb1c7b429aff43927fdee01f9a5d02d944e301dc16ff17620cac1327b998101
yfinance/^VIX/actions.parquet  sha256:fc83c710ca09067fedb448e63b0c337acd7755f237ee001313138bf8e554a0c1
yfinance/^VIX/raw/2003.parquet  sha256:4fd11e86330426bd2be70718893dfe84b633ad78565abdc110d49c35a1e0487a
yfinance/^VIX/raw/2004.parquet  sha256:060f99c2a1f0049bb61f3d00275c733637be6fe0c5332f005481d677a57ae054
yfinance/^VIX/raw/2005.parquet  sha256:36e3d8f949b8f556a433cf37e87c130a26c96c34dfdb508036d43959eea0fe31
yfinance/^VIX/raw/2006.parquet  sha256:677dff636748595c37abcde49ca3e159def17c0e56bc462d9e42e7cdacd0c7a7
yfinance/^VIX/raw/2007.parquet  sha256:3b63f6b450f4a450f6d464fabab985a529367c7a9661219c8923a20475a4f2e7
yfinance/^VIX/raw/2008.parquet  sha256:9b6ff952352398dcc8ef510567693976951c23b1f71cf93273ec2ee112b5f180
yfinance/^VIX/raw/2009.parquet  sha256:c5907aff9f7de8b221a7981edf51a108966941f6abb41ca2b198fb22ae460f2f
yfinance/^VIX/raw/2010.parquet  sha256:ad49d3535c7bc9df18a6bb7268c9d974b4264685f10b14ba1af848d4a9efab91
yfinance/^VIX/raw/2011.parquet  sha256:5c77ae56b452efb95736f89d1a8d2036bcd7b4f2c38ff671303b1668800a0c4b
yfinance/^VIX/raw/2012.parquet  sha256:ac80955cca4837697a8fc4da2452b72d3cf1cc22a7ca52259d8da3d2a547516c
yfinance/^VIX/raw/2013.parquet  sha256:8aa0829f06608d189bcb1a0d1b0de01d3bb1a9e5d277811fff03423bf685e43c
yfinance/^VIX/raw/2014.parquet  sha256:1c759376750381a6b235f4ae11b4db96f2a79605fff9468bd123f27602187880
yfinance/^VIX/raw/2015.parquet  sha256:d15d9c875d8a444c33e9187bdae43b47c4bcfff725fe6fa5621fec0032808e94
yfinance/^VIX/raw/2016.parquet  sha256:4400552d6767a27ea873416a949dd02776bdb15a1a2f96f521da8c3ec1700c0b
yfinance/^VIX/raw/2017.parquet  sha256:e806a535caff94bc7f6435cd04ec2154f8d7bca9b3a6a772f3792dc27b61a8a2
yfinance/^VIX/raw/2018.parquet  sha256:b370540aeadfd5dec8b42dfd8951235d9c7738b392f7d874dfcda98181e054ca
yfinance/^VIX/raw/2019.parquet  sha256:ab0ce5290ce0fbd6916766af36897471dabb11f3f26d0b3be4090db40c3e201b
yfinance/^VIX/raw/2020.parquet  sha256:5715003d0f69e8bbdc82e7774559a01079a6c9ba195a83657081597ea5295144
yfinance/^VIX/raw/2021.parquet  sha256:4f3ce3637107bf712b339bea34ae47269644250d4db1cc9808966257237e9e3c
yfinance/^VIX/raw/2022.parquet  sha256:cd4ec4f2134e500dd78f5302945749f1a71f32f9978fd89851ed2f12915cacf1
yfinance/^VIX/raw/2023.parquet  sha256:6ae191a03356fb88ec559fa29a33471868dd740feaebd2dfb725ab2747753de4
yfinance/^VIX/raw/2024.parquet  sha256:f19dfbf1f8ac0aff1de431d7bc410feb53ccc13eeccc50c733e82da50e1aa904
yfinance/^VIX/raw/2025.parquet  sha256:780ea6db612e0b925726f732fa6c52f2c278baf5ce8cddcd0b9d362e5135dfe8
yfinance/^VIX/raw/2026.parquet  sha256:465dacb9201fce26724d9f50f6dca5766502ca019c4849dd308ca6d99d080130
yfinance/^VIX3M/actions.parquet  sha256:fc83c710ca09067fedb448e63b0c337acd7755f237ee001313138bf8e554a0c1
yfinance/^VIX3M/raw/2006.parquet  sha256:c1fa54bcc5f3ba471580cdac379fec284bac680186e432ca85d3b4c9ea3550c0
yfinance/^VIX3M/raw/2007.parquet  sha256:943d52f23be5747568c0e255cff03a919d3a90756d8bdbf6e5d2f965ec5fc4c8
yfinance/^VIX3M/raw/2008.parquet  sha256:2aabeaf33f6e0446ff052cca30cdb40ce8cbdd955188be64a5c8956898fb3b62
yfinance/^VIX3M/raw/2009.parquet  sha256:f1271f065ee03b6bed5fd02068ab461bb2f89b85cfd70888667a03eac2dfbdf4
yfinance/^VIX3M/raw/2010.parquet  sha256:a5c2a1071be0f2027c2b98336e4561a5ba38aa85023a3902cf15d5fb662fdde5
yfinance/^VIX3M/raw/2011.parquet  sha256:09529d769169f11e92726ad5d25423831f78dfa9aca213c5366b6dd500b3d7d2
yfinance/^VIX3M/raw/2012.parquet  sha256:98ed4456934ad92fb6f8c91d8a7bf4e060fdc6ee97018f6499d197e04e5c027b
yfinance/^VIX3M/raw/2013.parquet  sha256:1129f7cd573565b2f2e913aa2d632b3dabd42f5f2274c3a023b9ffd86fcdb109
yfinance/^VIX3M/raw/2014.parquet  sha256:e5c4d52533a78c46bdb3c2fc656b79a10448f33e7ac3f9b15562267740adfb58
yfinance/^VIX3M/raw/2015.parquet  sha256:bb8e36e03e8c0d88dff9b28a84ca238d56bcd71a306197ec3a43da632641ae7f
yfinance/^VIX3M/raw/2016.parquet  sha256:8302178a5e3663972489f8c1e0736a4c4958f61fa49b7b62ddd5f9ebf43890b1
yfinance/^VIX3M/raw/2017.parquet  sha256:11f6d628bcd3eecb8aac0d58d8dc5fd721089fc65b0b76a667bb783e3d00d22c
yfinance/^VIX3M/raw/2018.parquet  sha256:23d364c6c50f36191ace10d5a69ead0a14324528b1aacd76e1294bbf0ee6b13f
yfinance/^VIX3M/raw/2019.parquet  sha256:c4a52262a33656d2514ff5e2cce661514261228a3cdc8d07277dfe0cb81450f4
yfinance/^VIX3M/raw/2020.parquet  sha256:ec185e89cd66022316223e47eacd6438d7c09eeb61e76560217f7a79debe4d54
yfinance/^VIX3M/raw/2021.parquet  sha256:b208fefe6860ca086c803cc0bf8407e2565f426d7a2face984216ede2f34e4df
yfinance/^VIX3M/raw/2022.parquet  sha256:7589e5a4bc873339e9f68fce0d6f2b09e4088f097dd79f0cebcbcaec564acefd
yfinance/^VIX3M/raw/2023.parquet  sha256:09d42a57a933c2b341175c88d90d21791133e09bd69f701759e389bc98e8d78a
yfinance/^VIX3M/raw/2024.parquet  sha256:a11bb88d2c3bac0503e699846c3edda8137b6f116c6802a0a6bce9bcde0f28a8
yfinance/^VIX3M/raw/2025.parquet  sha256:7b6fee81abd21a67a664aff6b01a4c89729b48efdd68e1ae8087c4c2b773084b
yfinance/^VIX3M/raw/2026.parquet  sha256:34ab5d7505155a04314a5bfd88eb7221acde821869261234a8e233194876a803
yfinance/^VVIX/actions.parquet  sha256:fc83c710ca09067fedb448e63b0c337acd7755f237ee001313138bf8e554a0c1
yfinance/^VVIX/raw/2007.parquet  sha256:99fdb6f646100dfa76d4a9443de324f736a239b9148a296101c635d427790c1a
yfinance/^VVIX/raw/2008.parquet  sha256:d059a65309e6b63fe2bf40067d5fb5dad61cb948eb98c471180e472a7a645d7a
yfinance/^VVIX/raw/2009.parquet  sha256:fc04db55bfeeae68857705827eb2dba22cf20fe322bf72d2c79c72e44e98894d
yfinance/^VVIX/raw/2010.parquet  sha256:94654150df1b9f1329009f7d9e7e530202b39eea05a681d57519bcc10495c683
yfinance/^VVIX/raw/2011.parquet  sha256:cbddf241c9cb8e8337fa7d53da2f428bd30a1751c95db02474138f6915806f1f
yfinance/^VVIX/raw/2012.parquet  sha256:0823be73f713ac523edd0fb0270178549894a8b6d9fe4a43144515287eb64d50
yfinance/^VVIX/raw/2013.parquet  sha256:1522d242c8a9f00ac899ec04c220cc1b84d66560b02111cad6ac59172371dacd
yfinance/^VVIX/raw/2014.parquet  sha256:16fcb97f3f37933bdf90cb8e2d5b0b1b82137d86fb8acda99cd06d4df49a68c2
yfinance/^VVIX/raw/2015.parquet  sha256:4ead0daff8c532b27914f640d30e223d121e5f5e2c35767b39c48f5d068673bd
yfinance/^VVIX/raw/2016.parquet  sha256:8f7adad0b67497586739f63e5c8e333a28b76a7f5e962be42bc4879278685af6
yfinance/^VVIX/raw/2017.parquet  sha256:a6fd00bdaabc4264ab4875cda80334795b875b127df8aa3afb68dfdcb6764023
yfinance/^VVIX/raw/2018.parquet  sha256:7331573beedc5cde18dbff6d1ea814bbdad6a99f1c0cfcb73f742c4be8350541
yfinance/^VVIX/raw/2019.parquet  sha256:f4bc6c3e4cf82d0d3c87f39cfb7989c9a300dee5f32ff65460c811488f9a2634
yfinance/^VVIX/raw/2020.parquet  sha256:51461f0a795d629a64079d9e330f5dc69a19d5b2e557847289bf2445c3b8d5e5
yfinance/^VVIX/raw/2021.parquet  sha256:a6f6d52f903255bdda91c95aa11e4bb49175e28a738840704721e1cb7c373bf2
yfinance/^VVIX/raw/2022.parquet  sha256:e8ea70a82ac053a8a14d1563bbdf6d42cff1766b50b9b4ea857ce09f620eb19a
yfinance/^VVIX/raw/2023.parquet  sha256:0079966bfbdb54a05083f26a2899395b829aa2bee101c3769baf32c8bf150ca6
yfinance/^VVIX/raw/2024.parquet  sha256:30251e133fa01645c067d31108630cbfe2c70810fa4dbc45b5c352bb24a7b97d
yfinance/^VVIX/raw/2025.parquet  sha256:4cf375da23580c41dd65fbc10b74807121e0fe1c19f37ea28af00f6d0b82376a
yfinance/^VVIX/raw/2026.parquet  sha256:1fbe0d4b6bc5eb86baa33cb9acbb8a5cc90af2c01faf32a6a5bc24c3484e47ce
